
Microsoft Visual Studio Solution File, Format Version 12.00
# Visual Studio Version 17
VisualStudioVersion = 17.1.32414.318
MinimumVisualStudioVersion = 10.0.40219.1
Project("{FAE04EC0-301F-11D3-BF4B-00C04F79EFBC}") = "Company.Presentation Layer", "Company.Presentation Layer\Company.Presentation Layer.csproj", "{5555956B-B08C-4420-8EE7-02D7D01A496D}"
EndProject
Project("{FAE04EC0-301F-11D3-BF4B-00C04F79EFBC}") = "Company.DAL", "Company.DAL\Company.DAL.csproj", "{B2A5782B-49CC-446C-B5B0-A64F4F9C3D26}"
EndProject
Project("{FAE04EC0-301F-11D3-BF4B-00C04F79EFBC}") = "Company.BLL", "Company.BLL\Company.BLL.csproj", "{C012F9E1-D69F-4F73-923F-D94EDEA4C563}"
EndProject
Global
	GlobalSection(SolutionConfigurationPlatforms) = preSolution
		Debug|Any CPU = Debug|Any CPU
		Release|Any CPU = Release|Any CPU
	EndGlobalSection
	GlobalSection(ProjectConfigurationPlatforms) = postSolution
		{5555956B-B08C-4420-8EE7-02D7D01A496D}.Debug|Any CPU.ActiveCfg = Debug|Any CPU
		{5555956B-B08C-4420-8EE7-02D7D01A496D}.Debug|Any CPU.Build.0 = Debug|Any CPU
		{5555956B-B08C-4420-8EE7-02D7D01A496D}.Release|Any CPU.ActiveCfg = Release|Any CPU
		{5555956B-B08C-4420-8EE7-02D7D01A496D}.Release|Any CPU.Build.0 = Release|Any CPU
		{B2A5782B-49CC-446C-B5B0-A64F4F9C3D26}.Debug|Any CPU.ActiveCfg = Debug|Any CPU
		{B2A5782B-49CC-446C-B5B0-A64F4F9C3D26}.Debug|Any CPU.Build.0 = Debug|Any CPU
		{B2A5782B-49CC-446C-B5B0-A64F4F9C3D26}.Release|Any CPU.ActiveCfg = Release|Any CPU
		{B2A5782B-49CC-446C-B5B0-A64F4F9C3D26}.Release|Any CPU.Build.0 = Release|Any CPU
		{C012F9E1-D69F-4F73-923F-D94EDEA4C563}.Debug|Any CPU.ActiveCfg = Debug|Any CPU
		{C012F9E1-D69F-4F73-923F-D94EDEA4C563}.Debug|Any CPU.Build.0 = Debug|Any CPU
		{C012F9E1-D69F-4F73-923F-D94EDEA4C563}.Release|Any CPU.ActiveCfg = Release|Any CPU
		{C012F9E1-D69F-4F73-923F-D94EDEA4C563}.Release|Any CPU.Build.0 = Release|Any CPU
	EndGlobalSection
	GlobalSection(SolutionProperties) = preSolution
		HideSolutionNode = FALSE
	EndGlobalSection
	GlobalSection(ExtensibilityGlobals) = postSolution
		SolutionGuid = {3FAFF526-5E6F-4EBB-9CE3-02E813DB9B26}
	EndGlobalSection
EndGlobal
